
Microsoft Visual Studio Solution File, Format Version 12.00
# Visual Studio Version 16
VisualStudioVersion = 16.0.29201.188
MinimumVisualStudioVersion = 10.0.40219.1
Project("{FAE04EC0-301F-11D3-BF4B-00C04F79EFBC}") = "CompatibilityChecker", "CompatibilityChecker.csproj", "{BBC9FB74-104D-4A48-B4BB-CD856929AC4F}"
EndProject
Global
	GlobalSection(SolutionConfigurationPlatforms) = preSolution
		Debug|Any CPU = Debug|Any CPU
		Release|Any CPU = Release|Any CPU
	EndGlobalSection
	GlobalSection(ProjectConfigurationPlatforms) = postSolution
		{BBC9FB74-104D-4A48-B4BB-CD856929AC4F}.Debug|Any CPU.ActiveCfg = Debug|Any CPU
		{BBC9FB74-104D-4A48-B4BB-CD856929AC4F}.Debug|Any CPU.Build.0 = Debug|Any CPU
		{BBC9FB74-104D-4A48-B4BB-CD856929AC4F}.Release|Any CPU.ActiveCfg = Release|Any CPU
		{BBC9FB74-104D-4A48-B4BB-CD856929AC4F}.Release|Any CPU.Build.0 = Release|Any CPU
	EndGlobalSection
	GlobalSection(SolutionProperties) = preSolution
		HideSolutionNode = FALSE
	EndGlobalSection
	GlobalSection(ExtensibilityGlobals) = postSolution
		SolutionGuid = {2BD54482-2EF6-4EAF-AE34-DD3AE138C337}
	EndGlobalSection
EndGlobal
